// !$*UTF8*$!
{
	archiveVersion = 1;
	classes = {
	};
	objectVersion = 56;
	objects = {

/* Begin PBXBuildFile section */
		C922A83C29800B7C00A44A29 /* omericanApp.swift in Sources */ = {isa = PBXBuildFile; fileRef = C922A83B29800B7C00A44A29 /* omericanApp.swift */; };
		C922A83E29800B7C00A44A29 /* ContentView.swift in Sources */ = {isa = PBXBuildFile; fileRef = C922A83D29800B7C00A44A29 /* ContentView.swift */; };
		C922A84029800B7D00A44A29 /* Assets.xcassets in Resources */ = {isa = PBXBuildFile; fileRef = C922A83F29800B7D00A44A29 /* Assets.xcassets */; };
		C922A84329800B7D00A44A29 /* Preview Assets.xcassets in Resources */ = {isa = PBXBuildFile; fileRef = C922A84229800B7D00A44A29 /* Preview Assets.xcassets */; };
		C922A84529800B7D00A44A29 /* Persistence.swift in Sources */ = {isa = PBXBuildFile; fileRef = C922A84429800B7D00A44A29 /* Persistence.swift */; };
		C922A84829800B7D00A44A29 /* omerican.xcdatamodeld in Sources */ = {isa = PBXBuildFile; fileRef = C922A84629800B7D00A44A29 /* omerican.xcdatamodeld */; };
		C922A850298021A000A44A29 /* FirebaseAuth in Frameworks */ = {isa = PBXBuildFile; productRef = C922A84F298021A000A44A29 /* FirebaseAuth */; };
		C922A852298021A000A44A29 /* FirebaseFirestore in Frameworks */ = {isa = PBXBuildFile; productRef = C922A851298021A000A44A29 /* FirebaseFirestore */; };
		C922A854298022A700A44A29 /* GoogleService-Info.plist in Resources */ = {isa = PBXBuildFile; fileRef = C922A853298022A600A44A29 /* GoogleService-Info.plist */; };
		C922A85629802C0500A44A29 /* ListView.swift in Sources */ = {isa = PBXBuildFile; fileRef = C922A85529802C0500A44A29 /* ListView.swift */; };
		C922A85829802D8500A44A29 /* Dog.swift in Sources */ = {isa = PBXBuildFile; fileRef = C922A85729802D8500A44A29 /* Dog.swift */; };
		C922A85A29802FAA00A44A29 /* DataManager.swift in Sources */ = {isa = PBXBuildFile; fileRef = C922A85929802FAA00A44A29 /* DataManager.swift */; };
		C922A85C2980529400A44A29 /* NewDogView.swift in Sources */ = {isa = PBXBuildFile; fileRef = C922A85B2980529400A44A29 /* NewDogView.swift */; };
		C9CCBD712982FB67006CB5F4 /* ProfileView.swift in Sources */ = {isa = PBXBuildFile; fileRef = C9CCBD702982FB67006CB5F4 /* ProfileView.swift */; };
		C9CCBD732983286D006CB5F4 /* LoginRegister.swift in Sources */ = {isa = PBXBuildFile; fileRef = C9CCBD722983286D006CB5F4 /* LoginRegister.swift */; };
		C9CCBD752983B844006CB5F4 /* Player.swift in Sources */ = {isa = PBXBuildFile; fileRef = C9CCBD742983B844006CB5F4 /* Player.swift */; };
		C9CCBD772983B979006CB5F4 /* Goal.swift in Sources */ = {isa = PBXBuildFile; fileRef = C9CCBD762983B979006CB5F4 /* Goal.swift */; };
/* End PBXBuildFile section */

/* Begin PBXFileReference section */
		C922A83829800B7C00A44A29 /* omerican.app */ = {isa = PBXFileReference; explicitFileType = wrapper.application; includeInIndex = 0; path = omerican.app; sourceTree = BUILT_PRODUCTS_DIR; };
		C922A83B29800B7C00A44A29 /* omericanApp.swift */ = {isa = PBXFileReference; lastKnownFileType = sourcecode.swift; path = omericanApp.swift; sourceTree = "<group>"; };
		C922A83D29800B7C00A44A29 /* ContentView.swift */ = {isa = PBXFileReference; lastKnownFileType = sourcecode.swift; path = ContentView.swift; sourceTree = "<group>"; };
		C922A83F29800B7D00A44A29 /* Assets.xcassets */ = {isa = PBXFileReference; lastKnownFileType = folder.assetcatalog; path = Assets.xcassets; sourceTree = "<group>"; };
		C922A84229800B7D00A44A29 /* Preview Assets.xcassets */ = {isa = PBXFileReference; lastKnownFileType = folder.assetcatalog; path = "Preview Assets.xcassets"; sourceTree = "<group>"; };
		C922A84429800B7D00A44A29 /* Persistence.swift */ = {isa = PBXFileReference; lastKnownFileType = sourcecode.swift; path = Persistence.swift; sourceTree = "<group>"; };
		C922A84729800B7D00A44A29 /* omerican.xcdatamodel */ = {isa = PBXFileReference; lastKnownFileType = wrapper.xcdatamodel; path = omerican.xcdatamodel; sourceTree = "<group>"; };
		C922A853298022A600A44A29 /* GoogleService-Info.plist */ = {isa = PBXFileReference; fileEncoding = 4; lastKnownFileType = text.plist.xml; path = "GoogleService-Info.plist"; sourceTree = "<group>"; };
		C922A85529802C0500A44A29 /* ListView.swift */ = {isa = PBXFileReference; lastKnownFileType = sourcecode.swift; path = ListView.swift; sourceTree = "<group>"; };
		C922A85729802D8500A44A29 /* Dog.swift */ = {isa = PBXFileReference; lastKnownFileType = sourcecode.swift; path = Dog.swift; sourceTree = "<group>"; };
		C922A85929802FAA00A44A29 /* DataManager.swift */ = {isa = PBXFileReference; lastKnownFileType = sourcecode.swift; path = DataManager.swift; sourceTree = "<group>"; };
		C922A85B2980529400A44A29 /* NewDogView.swift */ = {isa = PBXFileReference; lastKnownFileType = sourcecode.swift; path = NewDogView.swift; sourceTree = "<group>"; };
		C9CCBD702982FB67006CB5F4 /* ProfileView.swift */ = {isa = PBXFileReference; lastKnownFileType = sourcecode.swift; path = ProfileView.swift; sourceTree = "<group>"; };
		C9CCBD722983286D006CB5F4 /* LoginRegister.swift */ = {isa = PBXFileReference; lastKnownFileType = sourcecode.swift; path = LoginRegister.swift; sourceTree = "<group>"; };
		C9CCBD742983B844006CB5F4 /* Player.swift */ = {isa = PBXFileReference; lastKnownFileType = sourcecode.swift; path = Player.swift; sourceTree = "<group>"; };
		C9CCBD762983B979006CB5F4 /* Goal.swift */ = {isa = PBXFileReference; lastKnownFileType = sourcecode.swift; path = Goal.swift; sourceTree = "<group>"; };
/* End PBXFileReference section */

/* Begin PBXFrameworksBuildPhase section */
		C922A83529800B7C00A44A29 /* Frameworks */ = {
			isa = PBXFrameworksBuildPhase;
			buildActionMask = 2147483647;
			files = (
				C922A850298021A000A44A29 /* FirebaseAuth in Frameworks */,
				C922A852298021A000A44A29 /* FirebaseFirestore in Frameworks */,
			);
			runOnlyForDeploymentPostprocessing = 0;
		};
/* End PBXFrameworksBuildPhase section */

/* Begin PBXGroup section */
		C922A82F29800B7C00A44A29 = {
			isa = PBXGroup;
			children = (
				C922A83A29800B7C00A44A29 /* omerican */,
				C922A83929800B7C00A44A29 /* Products */,
			);
			sourceTree = "<group>";
		};
		C922A83929800B7C00A44A29 /* Products */ = {
			isa = PBXGroup;
			children = (
				C922A83829800B7C00A44A29 /* omerican.app */,
			);
			name = Products;
			sourceTree = "<group>";
		};
		C922A83A29800B7C00A44A29 /* omerican */ = {
			isa = PBXGroup;
			children = (
				C922A83B29800B7C00A44A29 /* omericanApp.swift */,
				C922A83D29800B7C00A44A29 /* ContentView.swift */,
				C9CCBD702982FB67006CB5F4 /* ProfileView.swift */,
				C9CCBD722983286D006CB5F4 /* LoginRegister.swift */,
				C922A85729802D8500A44A29 /* Dog.swift */,
				C9CCBD742983B844006CB5F4 /* Player.swift */,
				C9CCBD762983B979006CB5F4 /* Goal.swift */,
				C922A85929802FAA00A44A29 /* DataManager.swift */,
				C922A85529802C0500A44A29 /* ListView.swift */,
				C922A85B2980529400A44A29 /* NewDogView.swift */,
				C922A83F29800B7D00A44A29 /* Assets.xcassets */,
				C922A84429800B7D00A44A29 /* Persistence.swift */,
				C922A853298022A600A44A29 /* GoogleService-Info.plist */,
				C922A84629800B7D00A44A29 /* omerican.xcdatamodeld */,
				C922A84129800B7D00A44A29 /* Preview Content */,
			);
			path = omerican;
			sourceTree = "<group>";
		};
		C922A84129800B7D00A44A29 /* Preview Content */ = {
			isa = PBXGroup;
			children = (
				C922A84229800B7D00A44A29 /* Preview Assets.xcassets */,
			);
			path = "Preview Content";
			sourceTree = "<group>";
		};
/* End PBXGroup section */

/* Begin PBXNativeTarget section */
		C922A83729800B7C00A44A29 /* omerican */ = {
			isa = PBXNativeTarget;
			buildConfigurationList = C922A84B29800B7D00A44A29 /* Build configuration list for PBXNativeTarget "omerican" */;
			buildPhases = (
				C922A83429800B7C00A44A29 /* Sources */,
				C922A83529800B7C00A44A29 /* Frameworks */,
				C922A83629800B7C00A44A29 /* Resources */,
			);
			buildRules = (
			);
			dependencies = (
			);
			name = omerican;
			packageProductDependencies = (
				C922A84F298021A000A44A29 /* FirebaseAuth */,
				C922A851298021A000A44A29 /* FirebaseFirestore */,
			);
			productName = omerican;
			productReference = C922A83829800B7C00A44A29 /* omerican.app */;
			productType = "com.apple.product-type.application";
		};
/* End PBXNativeTarget section */

/* Begin PBXProject section */
		C922A83029800B7C00A44A29 /* Project object */ = {
			isa = PBXProject;
			attributes = {
				BuildIndependentTargetsInParallel = 1;
				LastSwiftUpdateCheck = 1420;
				LastUpgradeCheck = 1420;
				TargetAttributes = {
					C922A83729800B7C00A44A29 = {
						CreatedOnToolsVersion = 14.2;
					};
				};
			};
			buildConfigurationList = C922A83329800B7C00A44A29 /* Build configuration list for PBXProject "omerican" */;
			compatibilityVersion = "Xcode 14.0";
			developmentRegion = en;
			hasScannedForEncodings = 0;
			knownRegions = (
				en,
				Base,
			);
			mainGroup = C922A82F29800B7C00A44A29;
			packageReferences = (
				C922A84E298021A000A44A29 /* XCRemoteSwiftPackageReference "firebase-ios-sdk" */,
			);
			productRefGroup = C922A83929800B7C00A44A29 /* Products */;
			projectDirPath = "";
			projectRoot = "";
			targets = (
				C922A83729800B7C00A44A29 /* omerican */,
			);
		};
/* End PBXProject section */

/* Begin PBXResourcesBuildPhase section */
		C922A83629800B7C00A44A29 /* Resources */ = {
			isa = PBXResourcesBuildPhase;
			buildActionMask = 2147483647;
			files = (
				C922A84329800B7D00A44A29 /* Preview Assets.xcassets in Resources */,
				C922A84029800B7D00A44A29 /* Assets.xcassets in Resources */,
				C922A854298022A700A44A29 /* GoogleService-Info.plist in Resources */,
			);
			runOnlyForDeploymentPostprocessing = 0;
		};
/* End PBXResourcesBuildPhase section */

/* Begin PBXSourcesBuildPhase section */
		C922A83429800B7C00A44A29 /* Sources */ = {
			isa = PBXSourcesBuildPhase;
			buildActionMask = 2147483647;
			files = (
				C9CCBD752983B844006CB5F4 /* Player.swift in Sources */,
				C922A84529800B7D00A44A29 /* Persistence.swift in Sources */,
				C9CCBD712982FB67006CB5F4 /* ProfileView.swift in Sources */,
				C922A83E29800B7C00A44A29 /* ContentView.swift in Sources */,
				C9CCBD772983B979006CB5F4 /* Goal.swift in Sources */,
				C922A85C2980529400A44A29 /* NewDogView.swift in Sources */,
				C9CCBD732983286D006CB5F4 /* LoginRegister.swift in Sources */,
				C922A85829802D8500A44A29 /* Dog.swift in Sources */,
				C922A85A29802FAA00A44A29 /* DataManager.swift in Sources */,
				C922A85629802C0500A44A29 /* ListView.swift in Sources */,
				C922A83C29800B7C00A44A29 /* omericanApp.swift in Sources */,
				C922A84829800B7D00A44A29 /* omerican.xcdatamodeld in Sources */,
			);
			runOnlyForDeploymentPostprocessing = 0;
		};
/* End PBXSourcesBuildPhase section */

/* Begin XCBuildConfiguration section */
		C922A84929800B7D00A44A29 /* Debug */ = {
			isa = XCBuildConfiguration;
			buildSettings = {
				ALWAYS_SEARCH_USER_PATHS = NO;
				CLANG_ANALYZER_NONNULL = YES;
				CLANG_ANALYZER_NUMBER_OBJECT_CONVERSION = YES_AGGRESSIVE;
				CLANG_CXX_LANGUAGE_STANDARD = "gnu++20";
				CLANG_ENABLE_MODULES = YES;
				CLANG_ENABLE_OBJC_ARC = YES;
				CLANG_ENABLE_OBJC_WEAK = YES;
				CLANG_WARN_BLOCK_CAPTURE_AUTORELEASING = YES;
				CLANG_WARN_BOOL_CONVERSION = YES;
				CLANG_WARN_COMMA = YES;
				CLANG_WARN_CONSTANT_CONVERSION = YES;
				CLANG_WARN_DEPRECATED_OBJC_IMPLEMENTATIONS = YES;
				CLANG_WARN_DIRECT_OBJC_ISA_USAGE = YES_ERROR;
				CLANG_WARN_DOCUMENTATION_COMMENTS = YES;
				CLANG_WARN_EMPTY_BODY = YES;
				CLANG_WARN_ENUM_CONVERSION = YES;
				CLANG_WARN_INFINITE_RECURSION = YES;
				CLANG_WARN_INT_CONVERSION = YES;
				CLANG_WARN_NON_LITERAL_NULL_CONVERSION = YES;
				CLANG_WARN_OBJC_IMPLICIT_RETAIN_SELF = YES;
				CLANG_WARN_OBJC_LITERAL_CONVERSION = YES;
				CLANG_WARN_OBJC_ROOT_CLASS = YES_ERROR;
				CLANG_WARN_QUOTED_INCLUDE_IN_FRAMEWORK_HEADER = YES;
				CLANG_WARN_RANGE_LOOP_ANALYSIS = YES;
				CLANG_WARN_STRICT_PROTOTYPES = YES;
				CLANG_WARN_SUSPICIOUS_MOVE = YES;
				CLANG_WARN_UNGUARDED_AVAILABILITY = YES_AGGRESSIVE;
				CLANG_WARN_UNREACHABLE_CODE = YES;
				CLANG_WARN__DUPLICATE_METHOD_MATCH = YES;
				COPY_PHASE_STRIP = NO;
				DEBUG_INFORMATION_FORMAT = dwarf;
				ENABLE_STRICT_OBJC_MSGSEND = YES;
				ENABLE_TESTABILITY = YES;
				GCC_C_LANGUAGE_STANDARD = gnu11;
				GCC_DYNAMIC_NO_PIC = NO;
				GCC_NO_COMMON_BLOCKS = YES;
				GCC_OPTIMIZATION_LEVEL = 0;
				GCC_PREPROCESSOR_DEFINITIONS = (
					"DEBUG=1",
					"$(inherited)",
				);
				GCC_WARN_64_TO_32_BIT_CONVERSION = YES;
				GCC_WARN_ABOUT_RETURN_TYPE = YES_ERROR;
				GCC_WARN_UNDECLARED_SELECTOR = YES;
				GCC_WARN_UNINITIALIZED_AUTOS = YES_AGGRESSIVE;
				GCC_WARN_UNUSED_FUNCTION = YES;
				GCC_WARN_UNUSED_VARIABLE = YES;
				IPHONEOS_DEPLOYMENT_TARGET = 16.2;
				MTL_ENABLE_DEBUG_INFO = INCLUDE_SOURCE;
				MTL_FAST_MATH = YES;
				ONLY_ACTIVE_ARCH = YES;
				SDKROOT = iphoneos;
				SWIFT_ACTIVE_COMPILATION_CONDITIONS = DEBUG;
				SWIFT_OPTIMIZATION_LEVEL = "-Onone";
			};
			name = Debug;
		};
		C922A84A29800B7D00A44A29 /* Release */ = {
			isa = XCBuildConfiguration;
			buildSettings = {
				ALWAYS_SEARCH_USER_PATHS = NO;
				CLANG_ANALYZER_NONNULL = YES;
				CLANG_ANALYZER_NUMBER_OBJECT_CONVERSION = YES_AGGRESSIVE;
				CLANG_CXX_LANGUAGE_STANDARD = "gnu++20";
				CLANG_ENABLE_MODULES = YES;
				CLANG_ENABLE_OBJC_ARC = YES;
				CLANG_ENABLE_OBJC_WEAK = YES;
				CLANG_WARN_BLOCK_CAPTURE_AUTORELEASING = YES;
				CLANG_WARN_BOOL_CONVERSION = YES;
				CLANG_WARN_COMMA = YES;
				CLANG_WARN_CONSTANT_CONVERSION = YES;
				CLANG_WARN_DEPRECATED_OBJC_IMPLEMENTATIONS = YES;
				CLANG_WARN_DIRECT_OBJC_ISA_USAGE = YES_ERROR;
				CLANG_WARN_DOCUMENTATION_COMMENTS = YES;
				CLANG_WARN_EMPTY_BODY = YES;
				CLANG_WARN_ENUM_CONVERSION = YES;
				CLANG_WARN_INFINITE_RECURSION = YES;
				CLANG_WARN_INT_CONVERSION = YES;
				CLANG_WARN_NON_LITERAL_NULL_CONVERSION = YES;
				CLANG_WARN_OBJC_IMPLICIT_RETAIN_SELF = YES;
				CLANG_WARN_OBJC_LITERAL_CONVERSION = YES;
				CLANG_WARN_OBJC_ROOT_CLASS = YES_ERROR;
				CLANG_WARN_QUOTED_INCLUDE_IN_FRAMEWORK_HEADER = YES;
				CLANG_WARN_RANGE_LOOP_ANALYSIS = YES;
				CLANG_WARN_STRICT_PROTOTYPES = YES;
				CLANG_WARN_SUSPICIOUS_MOVE = YES;
				CLANG_WARN_UNGUARDED_AVAILABILITY = YES_AGGRESSIVE;
				CLANG_WARN_UNREACHABLE_CODE = YES;
				CLANG_WARN__DUPLICATE_METHOD_MATCH = YES;
				COPY_PHASE_STRIP = NO;
				DEBUG_INFORMATION_FORMAT = "dwarf-with-dsym";
				ENABLE_NS_ASSERTIONS = NO;
				ENABLE_STRICT_OBJC_MSGSEND = YES;
				GCC_C_LANGUAGE_STANDARD = gnu11;
				GCC_NO_COMMON_BLOCKS = YES;
				GCC_WARN_64_TO_32_BIT_CONVERSION = YES;
				GCC_WARN_ABOUT_RETURN_TYPE = YES_ERROR;
				GCC_WARN_UNDECLARED_SELECTOR = YES;
				GCC_WARN_UNINITIALIZED_AUTOS = YES_AGGRESSIVE;
				GCC_WARN_UNUSED_FUNCTION = YES;
				GCC_WARN_UNUSED_VARIABLE = YES;
				IPHONEOS_DEPLOYMENT_TARGET = 16.2;
				MTL_ENABLE_DEBUG_INFO = NO;
				MTL_FAST_MATH = YES;
				SDKROOT = iphoneos;
				SWIFT_COMPILATION_MODE = wholemodule;
				SWIFT_OPTIMIZATION_LEVEL = "-O";
				VALIDATE_PRODUCT = YES;
			};
			name = Release;
		};
		C922A84C29800B7D00A44A29 /* Debug */ = {
			isa = XCBuildConfiguration;
			buildSettings = {
				ASSETCATALOG_COMPILER_APPICON_NAME = AppIcon;
				ASSETCATALOG_COMPILER_GLOBAL_ACCENT_COLOR_NAME = AccentColor;
				CODE_SIGN_STYLE = Automatic;
				CURRENT_PROJECT_VERSION = 1;
				DEVELOPMENT_ASSET_PATHS = "\"omerican/Preview Content\"";
				DEVELOPMENT_TEAM = YZPL73955T;
				ENABLE_PREVIEWS = YES;
				GENERATE_INFOPLIST_FILE = YES;
				INFOPLIST_KEY_UIApplicationSceneManifest_Generation = YES;
				INFOPLIST_KEY_UIApplicationSupportsIndirectInputEvents = YES;
				INFOPLIST_KEY_UILaunchScreen_Generation = YES;
				INFOPLIST_KEY_UISupportedInterfaceOrientations_iPad = "UIInterfaceOrientationPortrait UIInterfaceOrientationPortraitUpsideDown UIInterfaceOrientationLandscapeLeft UIInterfaceOrientationLandscapeRight";
				INFOPLIST_KEY_UISupportedInterfaceOrientations_iPhone = "UIInterfaceOrientationPortrait UIInterfaceOrientationLandscapeLeft UIInterfaceOrientationLandscapeRight";
				IPHONEOS_DEPLOYMENT_TARGET = 16.2;
				LD_RUNPATH_SEARCH_PATHS = (
					"$(inherited)",
					"@executable_path/Frameworks",
				);
				MARKETING_VERSION = 1.0;
				PRODUCT_BUNDLE_IDENTIFIER = ritamarrano.omerican;
				PRODUCT_NAME = "$(TARGET_NAME)";
				SWIFT_EMIT_LOC_STRINGS = YES;
				SWIFT_VERSION = 5.0;
				TARGETED_DEVICE_FAMILY = "1,2";
			};
			name = Debug;
		};
		C922A84D29800B7D00A44A29 /* Release */ = {
			isa = XCBuildConfiguration;
			buildSettings = {
				ASSETCATALOG_COMPILER_APPICON_NAME = AppIcon;
				ASSETCATALOG_COMPILER_GLOBAL_ACCENT_COLOR_NAME = AccentColor;
				CODE_SIGN_STYLE = Automatic;
				CURRENT_PROJECT_VERSION = 1;
				DEVELOPMENT_ASSET_PATHS = "\"omerican/Preview Content\"";
				DEVELOPMENT_TEAM = YZPL73955T;
				ENABLE_PREVIEWS = YES;
				GENERATE_INFOPLIST_FILE = YES;
				INFOPLIST_KEY_UIApplicationSceneManifest_Generation = YES;
				INFOPLIST_KEY_UIApplicationSupportsIndirectInputEvents = YES;
				INFOPLIST_KEY_UILaunchScreen_Generation = YES;
				INFOPLIST_KEY_UISupportedInterfaceOrientations_iPad = "UIInterfaceOrientationPortrait UIInterfaceOrientationPortraitUpsideDown UIInterfaceOrientationLandscapeLeft UIInterfaceOrientationLandscapeRight";
				INFOPLIST_KEY_UISupportedInterfaceOrientations_iPhone = "UIInterfaceOrientationPortrait UIInterfaceOrientationLandscapeLeft UIInterfaceOrientationLandscapeRight";
				IPHONEOS_DEPLOYMENT_TARGET = 16.2;
				LD_RUNPATH_SEARCH_PATHS = (
					"$(inherited)",
					"@executable_path/Frameworks",
				);
				MARKETING_VERSION = 1.0;
				PRODUCT_BUNDLE_IDENTIFIER = ritamarrano.omerican;
				PRODUCT_NAME = "$(TARGET_NAME)";
				SWIFT_EMIT_LOC_STRINGS = YES;
				SWIFT_VERSION = 5.0;
				TARGETED_DEVICE_FAMILY = "1,2";
			};
			name = Release;
		};
/* End XCBuildConfiguration section */

/* Begin XCConfigurationList section */
		C922A83329800B7C00A44A29 /* Build configuration list for PBXProject "omerican" */ = {
			isa = XCConfigurationList;
			buildConfigurations = (
				C922A84929800B7D00A44A29 /* Debug */,
				C922A84A29800B7D00A44A29 /* Release */,
			);
			defaultConfigurationIsVisible = 0;
			defaultConfigurationName = Release;
		};
		C922A84B29800B7D00A44A29 /* Build configuration list for PBXNativeTarget "omerican" */ = {
			isa = XCConfigurationList;
			buildConfigurations = (
				C922A84C29800B7D00A44A29 /* Debug */,
				C922A84D29800B7D00A44A29 /* Release */,
			);
			defaultConfigurationIsVisible = 0;
			defaultConfigurationName = Release;
		};
/* End XCConfigurationList section */

/* Begin XCRemoteSwiftPackageReference section */
		C922A84E298021A000A44A29 /* XCRemoteSwiftPackageReference "firebase-ios-sdk" */ = {
			isa = XCRemoteSwiftPackageReference;
			repositoryURL = "https://github.com/firebase/firebase-ios-sdk.git";
			requirement = {
				kind = upToNextMajorVersion;
				minimumVersion = 9.0.0;
			};
		};
/* End XCRemoteSwiftPackageReference section */

/* Begin XCSwiftPackageProductDependency section */
		C922A84F298021A000A44A29 /* FirebaseAuth */ = {
			isa = XCSwiftPackageProductDependency;
			package = C922A84E298021A000A44A29 /* XCRemoteSwiftPackageReference "firebase-ios-sdk" */;
			productName = FirebaseAuth;
		};
		C922A851298021A000A44A29 /* FirebaseFirestore */ = {
			isa = XCSwiftPackageProductDependency;
			package = C922A84E298021A000A44A29 /* XCRemoteSwiftPackageReference "firebase-ios-sdk" */;
			productName = FirebaseFirestore;
		};
/* End XCSwiftPackageProductDependency section */

/* Begin XCVersionGroup section */
		C922A84629800B7D00A44A29 /* omerican.xcdatamodeld */ = {
			isa = XCVersionGroup;
			children = (
				C922A84729800B7D00A44A29 /* omerican.xcdatamodel */,
			);
			currentVersion = C922A84729800B7D00A44A29 /* omerican.xcdatamodel */;
			path = omerican.xcdatamodeld;
			sourceTree = "<group>";
			versionGroupType = wrapper.xcdatamodel;
		};
/* End XCVersionGroup section */
	};
	rootObject = C922A83029800B7C00A44A29 /* Project object */;
}
